
Microsoft Visual Studio Solution File, Format Version 12.00
# Visual Studio Version 17
VisualStudioVersion = 17.7.34202.233
MinimumVisualStudioVersion = 10.0.40219.1
Project("{9A19103F-16F7-4668-BE54-9A1E7A4F7556}") = "UserManagement.Api", "UserManagement\UserManagement.Api.csproj", "{7BD0C191-3FCB-4E62-B2C1-236ED05AD9FF}"
EndProject
Project("{2150E333-8FDC-42A3-9474-1A3956D46DE8}") = "Aggregation", "Aggregation", "{C3C4A1E2-9DA5-4A99-804E-621987DC6C1B}"
EndProject
Project("{2150E333-8FDC-42A3-9474-1A3956D46DE8}") = "Application", "Application", "{23435446-C57A-4A1B-A86D-0C4E48BB785F}"
EndProject
Project("{2150E333-8FDC-42A3-9474-1A3956D46DE8}") = "Infrastructure", "Infrastructure", "{A6F48EFD-6D21-4630-929E-C3576600B68C}"
EndProject
Project("{9A19103F-16F7-4668-BE54-9A1E7A4F7556}") = "UserManagement.Repositories", "UserManagement.Repositories\UserManagement.Repositories.csproj", "{43FE6813-0D69-4F2D-A8DA-D75BB3FA1CEF}"
EndProject
Project("{9A19103F-16F7-4668-BE54-9A1E7A4F7556}") = "UserManagement.DTO", "UserManagement.DTO\UserManagement.DTO.csproj", "{93192FF0-54E5-43FD-9A33-18CF642542CE}"
EndProject
Project("{9A19103F-16F7-4668-BE54-9A1E7A4F7556}") = "UserManagement.Facade", "UserManagement.Facade\UserManagement.Facade.csproj", "{6FDBA046-22DB-4E8A-9AC5-D199EF81DC38}"
EndProject
Project("{9A19103F-16F7-4668-BE54-9A1E7A4F7556}") = "UserManagement.Services", "UserManagement.Services\UserManagement.Services.csproj", "{0469B68C-A1B6-4DA4-B687-7D54D919699B}"
EndProject
Project("{9A19103F-16F7-4668-BE54-9A1E7A4F7556}") = "UserManagement.Models", "UserManagement.Models\UserManagement.Models.csproj", "{88D2A265-DDB5-4A37-9846-4165B7AB81BE}"
EndProject
Global
	GlobalSection(SolutionConfigurationPlatforms) = preSolution
		Debug|Any CPU = Debug|Any CPU
		Release|Any CPU = Release|Any CPU
	EndGlobalSection
	GlobalSection(ProjectConfigurationPlatforms) = postSolution
		{7BD0C191-3FCB-4E62-B2C1-236ED05AD9FF}.Debug|Any CPU.ActiveCfg = Debug|Any CPU
		{7BD0C191-3FCB-4E62-B2C1-236ED05AD9FF}.Debug|Any CPU.Build.0 = Debug|Any CPU
		{7BD0C191-3FCB-4E62-B2C1-236ED05AD9FF}.Release|Any CPU.ActiveCfg = Release|Any CPU
		{7BD0C191-3FCB-4E62-B2C1-236ED05AD9FF}.Release|Any CPU.Build.0 = Release|Any CPU
		{43FE6813-0D69-4F2D-A8DA-D75BB3FA1CEF}.Debug|Any CPU.ActiveCfg = Debug|Any CPU
		{43FE6813-0D69-4F2D-A8DA-D75BB3FA1CEF}.Debug|Any CPU.Build.0 = Debug|Any CPU
		{43FE6813-0D69-4F2D-A8DA-D75BB3FA1CEF}.Release|Any CPU.ActiveCfg = Release|Any CPU
		{43FE6813-0D69-4F2D-A8DA-D75BB3FA1CEF}.Release|Any CPU.Build.0 = Release|Any CPU
		{93192FF0-54E5-43FD-9A33-18CF642542CE}.Debug|Any CPU.ActiveCfg = Debug|Any CPU
		{93192FF0-54E5-43FD-9A33-18CF642542CE}.Debug|Any CPU.Build.0 = Debug|Any CPU
		{93192FF0-54E5-43FD-9A33-18CF642542CE}.Release|Any CPU.ActiveCfg = Release|Any CPU
		{93192FF0-54E5-43FD-9A33-18CF642542CE}.Release|Any CPU.Build.0 = Release|Any CPU
		{6FDBA046-22DB-4E8A-9AC5-D199EF81DC38}.Debug|Any CPU.ActiveCfg = Debug|Any CPU
		{6FDBA046-22DB-4E8A-9AC5-D199EF81DC38}.Debug|Any CPU.Build.0 = Debug|Any CPU
		{6FDBA046-22DB-4E8A-9AC5-D199EF81DC38}.Release|Any CPU.ActiveCfg = Release|Any CPU
		{6FDBA046-22DB-4E8A-9AC5-D199EF81DC38}.Release|Any CPU.Build.0 = Release|Any CPU
		{0469B68C-A1B6-4DA4-B687-7D54D919699B}.Debug|Any CPU.ActiveCfg = Debug|Any CPU
		{0469B68C-A1B6-4DA4-B687-7D54D919699B}.Debug|Any CPU.Build.0 = Debug|Any CPU
		{0469B68C-A1B6-4DA4-B687-7D54D919699B}.Release|Any CPU.ActiveCfg = Release|Any CPU
		{0469B68C-A1B6-4DA4-B687-7D54D919699B}.Release|Any CPU.Build.0 = Release|Any CPU
		{88D2A265-DDB5-4A37-9846-4165B7AB81BE}.Debug|Any CPU.ActiveCfg = Debug|Any CPU
		{88D2A265-DDB5-4A37-9846-4165B7AB81BE}.Debug|Any CPU.Build.0 = Debug|Any CPU
		{88D2A265-DDB5-4A37-9846-4165B7AB81BE}.Release|Any CPU.ActiveCfg = Release|Any CPU
		{88D2A265-DDB5-4A37-9846-4165B7AB81BE}.Release|Any CPU.Build.0 = Release|Any CPU
	EndGlobalSection
	GlobalSection(SolutionProperties) = preSolution
		HideSolutionNode = FALSE
	EndGlobalSection
	GlobalSection(NestedProjects) = preSolution
		{7BD0C191-3FCB-4E62-B2C1-236ED05AD9FF} = {C3C4A1E2-9DA5-4A99-804E-621987DC6C1B}
		{43FE6813-0D69-4F2D-A8DA-D75BB3FA1CEF} = {A6F48EFD-6D21-4630-929E-C3576600B68C}
		{93192FF0-54E5-43FD-9A33-18CF642542CE} = {A6F48EFD-6D21-4630-929E-C3576600B68C}
		{6FDBA046-22DB-4E8A-9AC5-D199EF81DC38} = {23435446-C57A-4A1B-A86D-0C4E48BB785F}
		{0469B68C-A1B6-4DA4-B687-7D54D919699B} = {23435446-C57A-4A1B-A86D-0C4E48BB785F}
		{88D2A265-DDB5-4A37-9846-4165B7AB81BE} = {23435446-C57A-4A1B-A86D-0C4E48BB785F}
	EndGlobalSection
	GlobalSection(ExtensibilityGlobals) = postSolution
		SolutionGuid = {258D644D-A0ED-4D50-97C7-9EECEE9EC09E}
	EndGlobalSection
EndGlobal
